// !$*UTF8*$!
{
	archiveVersion = 1;
	classes = {
	};
	objectVersion = 46;
	objects = {

/* Begin PBXBuildFile section */
		3C0DEDCC1F2DDAA0009C0B58 /* CameraUI.swift in Sources */ = {isa = PBXBuildFile; fileRef = 3C0DEDCB1F2DDAA0009C0B58 /* CameraUI.swift */; };
		3C0DEDCE1F2DDAB1009C0B58 /* MapUI.swift in Sources */ = {isa = PBXBuildFile; fileRef = 3C0DEDCD1F2DDAB1009C0B58 /* MapUI.swift */; };
		3C26C7A51F2DD4C500234EFD /* AppDelegate.swift in Sources */ = {isa = PBXBuildFile; fileRef = 3C26C7A41F2DD4C500234EFD /* AppDelegate.swift */; };
		3C26C7A71F2DD4C500234EFD /* ViewController.swift in Sources */ = {isa = PBXBuildFile; fileRef = 3C26C7A61F2DD4C500234EFD /* ViewController.swift */; };
		3C26C7AA1F2DD4C500234EFD /* Main.storyboard in Resources */ = {isa = PBXBuildFile; fileRef = 3C26C7A81F2DD4C500234EFD /* Main.storyboard */; };
		3C26C7AF1F2DD4C500234EFD /* Assets.xcassets in Resources */ = {isa = PBXBuildFile; fileRef = 3C26C7AE1F2DD4C500234EFD /* Assets.xcassets */; };
		3C26C7B21F2DD4C500234EFD /* LaunchScreen.storyboard in Resources */ = {isa = PBXBuildFile; fileRef = 3C26C7B01F2DD4C500234EFD /* LaunchScreen.storyboard */; };
		3C4F536F1F51470300931E08 /* ConsANDFunc.swift in Sources */ = {isa = PBXBuildFile; fileRef = 3C4F536E1F51470300931E08 /* ConsANDFunc.swift */; };
		3CB6AAB81F571E8C000091D8 /* whatAir.xcdatamodeld in Sources */ = {isa = PBXBuildFile; fileRef = 3CB6AAB61F571E8C000091D8 /* whatAir.xcdatamodeld */; };
		3CCCA61A1F49D6A300C876B7 /* AMap.bundle in Resources */ = {isa = PBXBuildFile; fileRef = 3CCCA6191F49D6A300C876B7 /* AMap.bundle */; };
		3CCCA61B1F49D6CC00C876B7 /* Foundation.framework in Frameworks */ = {isa = PBXBuildFile; fileRef = 3CD5463A1F49956B00E3B52B /* Foundation.framework */; };
		3CCCA61C1F49D6DA00C876B7 /* CoreTelephony.framework in Frameworks */ = {isa = PBXBuildFile; fileRef = 3CD546421F49959A00E3B52B /* CoreTelephony.framework */; };
		3CCCA61D1F49D6E800C876B7 /* SystemConfiguration.framework in Frameworks */ = {isa = PBXBuildFile; fileRef = 3CD546441F4995A300E3B52B /* SystemConfiguration.framework */; };
		3CCCA61E1F49D6EF00C876B7 /* libz.tbd in Frameworks */ = {isa = PBXBuildFile; fileRef = 3CD5464C1F4995D100E3B52B /* libz.tbd */; };
		3CCCA61F1F49D6FA00C876B7 /* libc++.tbd in Frameworks */ = {isa = PBXBuildFile; fileRef = 3CD546501F4995EF00E3B52B /* libc++.tbd */; };
		3CCCA6201F49D70700C876B7 /* libstdc++.6.0.9.tbd in Frameworks */ = {isa = PBXBuildFile; fileRef = 3CD5464E1F4995E000E3B52B /* libstdc++.6.0.9.tbd */; };
		3CCCA6231F49D87A00C876B7 /* AMap.swift in Sources */ = {isa = PBXBuildFile; fileRef = 3CCCA6221F49D87A00C876B7 /* AMap.swift */; };
		3CCCA6251F49DE3500C876B7 /* AMapSearchKit.framework in Frameworks */ = {isa = PBXBuildFile; fileRef = 3CD546581F499C5D00E3B52B /* AMapSearchKit.framework */; };
		3CCCA6261F49DEF600C876B7 /* GLKit.framework in Frameworks */ = {isa = PBXBuildFile; fileRef = 3CD546341F49954400E3B52B /* GLKit.framework */; };
		3CCCA6271F49DF0000C876B7 /* OpenGLES.framework in Frameworks */ = {isa = PBXBuildFile; fileRef = 3CD546361F49955700E3B52B /* OpenGLES.framework */; };
		3CCCA6281F49DF0800C876B7 /* UIKit.framework in Frameworks */ = {isa = PBXBuildFile; fileRef = 3CD546381F49956100E3B52B /* UIKit.framework */; };
		3CD5465B1F499C6D00E3B52B /* MAMapKit.framework in Frameworks */ = {isa = PBXBuildFile; fileRef = 3CD5465A1F499C6D00E3B52B /* MAMapKit.framework */; };
		3CD5465F1F49A49D00E3B52B /* AdSupport.framework in Frameworks */ = {isa = PBXBuildFile; fileRef = 3CD546481F4995BA00E3B52B /* AdSupport.framework */; };
		3CD546601F49A4A600E3B52B /* Security.framework in Frameworks */ = {isa = PBXBuildFile; fileRef = 3CD546461F4995AE00E3B52B /* Security.framework */; };
		3CFF79661F68428A00D7754D /* AMapFoundationKit.framework in Frameworks */ = {isa = PBXBuildFile; fileRef = 3CD546561F499C4D00E3B52B /* AMapFoundationKit.framework */; };
		3CFF79681F68428A00D7754D /* AMapLocationKit.framework in Frameworks */ = {isa = PBXBuildFile; fileRef = 3CFF79671F68428A00D7754D /* AMapLocationKit.framework */; };
		84DBA810B2E102E1A0A64C1E /* Pods_whatAir.framework in Frameworks */ = {isa = PBXBuildFile; fileRef = 46C4ACAFF862BE6E1F74CE1C /* Pods_whatAir.framework */; };
/* End PBXBuildFile section */

/* Begin PBXFileReference section */
		3C0DEDCB1F2DDAA0009C0B58 /* CameraUI.swift */ = {isa = PBXFileReference; fileEncoding = 4; lastKnownFileType = sourcecode.swift; path = CameraUI.swift; sourceTree = "<group>"; };
		3C0DEDCD1F2DDAB1009C0B58 /* MapUI.swift */ = {isa = PBXFileReference; fileEncoding = 4; lastKnownFileType = sourcecode.swift; lineEnding = 0; path = MapUI.swift; sourceTree = "<group>"; };
		3C26C7A11F2DD4C500234EFD /* whatAir.app */ = {isa = PBXFileReference; explicitFileType = wrapper.application; includeInIndex = 0; path = whatAir.app; sourceTree = BUILT_PRODUCTS_DIR; };
		3C26C7A41F2DD4C500234EFD /* AppDelegate.swift */ = {isa = PBXFileReference; lastKnownFileType = sourcecode.swift; path = AppDelegate.swift; sourceTree = "<group>"; };
		3C26C7A61F2DD4C500234EFD /* ViewController.swift */ = {isa = PBXFileReference; lastKnownFileType = sourcecode.swift; path = ViewController.swift; sourceTree = "<group>"; };
		3C26C7A91F2DD4C500234EFD /* Base */ = {isa = PBXFileReference; lastKnownFileType = file.storyboard; name = Base; path = Base.lproj/Main.storyboard; sourceTree = "<group>"; };
		3C26C7AE1F2DD4C500234EFD /* Assets.xcassets */ = {isa = PBXFileReference; lastKnownFileType = folder.assetcatalog; path = Assets.xcassets; sourceTree = "<group>"; };
		3C26C7B11F2DD4C500234EFD /* Base */ = {isa = PBXFileReference; lastKnownFileType = file.storyboard; name = Base; path = Base.lproj/LaunchScreen.storyboard; sourceTree = "<group>"; };
		3C26C7B31F2DD4C500234EFD /* Info.plist */ = {isa = PBXFileReference; lastKnownFileType = text.plist.xml; path = Info.plist; sourceTree = "<group>"; };
		3C4F536E1F51470300931E08 /* ConsANDFunc.swift */ = {isa = PBXFileReference; fileEncoding = 4; lastKnownFileType = sourcecode.swift; path = ConsANDFunc.swift; sourceTree = "<group>"; };
		3CB6AAB71F571E8C000091D8 /* whatAir.xcdatamodel */ = {isa = PBXFileReference; lastKnownFileType = wrapper.xcdatamodel; path = whatAir.xcdatamodel; sourceTree = "<group>"; };
		3CCCA6191F49D6A300C876B7 /* AMap.bundle */ = {isa = PBXFileReference; lastKnownFileType = "wrapper.plug-in"; name = AMap.bundle; path = whatAir/MAMapKit.framework/AMap.bundle; sourceTree = "<group>"; };
		3CCCA6211F49D7C100C876B7 /* AMap-Bridging-Header.h */ = {isa = PBXFileReference; lastKnownFileType = sourcecode.c.h; path = "AMap-Bridging-Header.h"; sourceTree = "<group>"; };
		3CCCA6221F49D87A00C876B7 /* AMap.swift */ = {isa = PBXFileReference; fileEncoding = 4; lastKnownFileType = sourcecode.swift; path = AMap.swift; sourceTree = "<group>"; };
		3CD5462C1F49946500E3B52B /* MAMapKit.framework */ = {isa = PBXFileReference; lastKnownFileType = wrapper.framework; path = MAMapKit.framework; sourceTree = "<group>"; };
		3CD5462E1F49948C00E3B52B /* AMapFoundationKit.framework */ = {isa = PBXFileReference; lastKnownFileType = wrapper.framework; name = AMapFoundationKit.framework; path = ../../Downloads/AMapFoundationKit.framework; sourceTree = "<group>"; };
		3CD546301F4994B800E3B52B /* AMapSearchKit.framework */ = {isa = PBXFileReference; lastKnownFileType = wrapper.framework; name = AMapSearchKit.framework; path = ../../Downloads/AMapSearchKit.framework; sourceTree = "<group>"; };
		3CD546341F49954400E3B52B /* GLKit.framework */ = {isa = PBXFileReference; lastKnownFileType = wrapper.framework; name = GLKit.framework; path = System/Library/Frameworks/GLKit.framework; sourceTree = SDKROOT; };
		3CD546361F49955700E3B52B /* OpenGLES.framework */ = {isa = PBXFileReference; lastKnownFileType = wrapper.framework; name = OpenGLES.framework; path = System/Library/Frameworks/OpenGLES.framework; sourceTree = SDKROOT; };
		3CD546381F49956100E3B52B /* UIKit.framework */ = {isa = PBXFileReference; lastKnownFileType = wrapper.framework; name = UIKit.framework; path = System/Library/Frameworks/UIKit.framework; sourceTree = SDKROOT; };
		3CD5463A1F49956B00E3B52B /* Foundation.framework */ = {isa = PBXFileReference; lastKnownFileType = wrapper.framework; name = Foundation.framework; path = System/Library/Frameworks/Foundation.framework; sourceTree = SDKROOT; };
		3CD5463C1F49957600E3B52B /* CoreGraphics.framework */ = {isa = PBXFileReference; lastKnownFileType = wrapper.framework; name = CoreGraphics.framework; path = System/Library/Frameworks/CoreGraphics.framework; sourceTree = SDKROOT; };
		3CD5463E1F49958400E3B52B /* QuartzCore.framework */ = {isa = PBXFileReference; lastKnownFileType = wrapper.framework; name = QuartzCore.framework; path = System/Library/Frameworks/QuartzCore.framework; sourceTree = SDKROOT; };
		3CD546401F49958E00E3B52B /* CoreLocation.framework */ = {isa = PBXFileReference; lastKnownFileType = wrapper.framework; name = CoreLocation.framework; path = System/Library/Frameworks/CoreLocation.framework; sourceTree = SDKROOT; };
		3CD546421F49959A00E3B52B /* CoreTelephony.framework */ = {isa = PBXFileReference; lastKnownFileType = wrapper.framework; name = CoreTelephony.framework; path = System/Library/Frameworks/CoreTelephony.framework; sourceTree = SDKROOT; };
		3CD546441F4995A300E3B52B /* SystemConfiguration.framework */ = {isa = PBXFileReference; lastKnownFileType = wrapper.framework; name = SystemConfiguration.framework; path = System/Library/Frameworks/SystemConfiguration.framework; sourceTree = SDKROOT; };
		3CD546461F4995AE00E3B52B /* Security.framework */ = {isa = PBXFileReference; lastKnownFileType = wrapper.framework; name = Security.framework; path = System/Library/Frameworks/Security.framework; sourceTree = SDKROOT; };
		3CD546481F4995BA00E3B52B /* AdSupport.framework */ = {isa = PBXFileReference; lastKnownFileType = wrapper.framework; name = AdSupport.framework; path = System/Library/Frameworks/AdSupport.framework; sourceTree = SDKROOT; };
		3CD5464A1F4995C500E3B52B /* JavaScriptCore.framework */ = {isa = PBXFileReference; lastKnownFileType = wrapper.framework; name = JavaScriptCore.framework; path = System/Library/Frameworks/JavaScriptCore.framework; sourceTree = SDKROOT; };
		3CD5464C1F4995D100E3B52B /* libz.tbd */ = {isa = PBXFileReference; lastKnownFileType = "sourcecode.text-based-dylib-definition"; name = libz.tbd; path = usr/lib/libz.tbd; sourceTree = SDKROOT; };
		3CD5464E1F4995E000E3B52B /* libstdc++.6.0.9.tbd */ = {isa = PBXFileReference; lastKnownFileType = "sourcecode.text-based-dylib-definition"; name = "libstdc++.6.0.9.tbd"; path = "usr/lib/libstdc++.6.0.9.tbd"; sourceTree = SDKROOT; };
		3CD546501F4995EF00E3B52B /* libc++.tbd */ = {isa = PBXFileReference; lastKnownFileType = "sourcecode.text-based-dylib-definition"; name = "libc++.tbd"; path = "usr/lib/libc++.tbd"; sourceTree = SDKROOT; };
		3CD546561F499C4D00E3B52B /* AMapFoundationKit.framework */ = {isa = PBXFileReference; lastKnownFileType = wrapper.framework; name = AMapFoundationKit.framework; path = whatAir/AMapFoundationKit.framework; sourceTree = "<group>"; };
		3CD546581F499C5D00E3B52B /* AMapSearchKit.framework */ = {isa = PBXFileReference; lastKnownFileType = wrapper.framework; name = AMapSearchKit.framework; path = whatAir/AMapSearchKit.framework; sourceTree = "<group>"; };
		3CD5465A1F499C6D00E3B52B /* MAMapKit.framework */ = {isa = PBXFileReference; lastKnownFileType = wrapper.framework; name = MAMapKit.framework; path = whatAir/MAMapKit.framework; sourceTree = "<group>"; };
		3CFF79641F6841CC00D7754D /* AMapLocationKit.framework */ = {isa = PBXFileReference; lastKnownFileType = wrapper.framework; name = AMapLocationKit.framework; path = ../../../Downloads/AMapLocationKit.framework; sourceTree = "<group>"; };
		3CFF79671F68428A00D7754D /* AMapLocationKit.framework */ = {isa = PBXFileReference; lastKnownFileType = wrapper.framework; name = AMapLocationKit.framework; path = whatAir/AMapLocationKit.framework; sourceTree = "<group>"; };
		46C4ACAFF862BE6E1F74CE1C /* Pods_whatAir.framework */ = {isa = PBXFileReference; explicitFileType = wrapper.framework; includeInIndex = 0; path = Pods_whatAir.framework; sourceTree = BUILT_PRODUCTS_DIR; };
		680223402B468F9A8AB24C84 /* Pods-whatAir.release.xcconfig */ = {isa = PBXFileReference; includeInIndex = 1; lastKnownFileType = text.xcconfig; name = "Pods-whatAir.release.xcconfig"; path = "Pods/Target Support Files/Pods-whatAir/Pods-whatAir.release.xcconfig"; sourceTree = "<group>"; };
		EE0241B18A6D0FBB17C177FE /* Pods-whatAir.debug.xcconfig */ = {isa = PBXFileReference; includeInIndex = 1; lastKnownFileType = text.xcconfig; name = "Pods-whatAir.debug.xcconfig"; path = "Pods/Target Support Files/Pods-whatAir/Pods-whatAir.debug.xcconfig"; sourceTree = "<group>"; };
/* End PBXFileReference section */

/* Begin PBXFrameworksBuildPhase section */
		3C26C79E1F2DD4C500234EFD /* Frameworks */ = {
			isa = PBXFrameworksBuildPhase;
			buildActionMask = 2147483647;
			files = (
				3CFF79681F68428A00D7754D /* AMapLocationKit.framework in Frameworks */,
				3CFF79661F68428A00D7754D /* AMapFoundationKit.framework in Frameworks */,
				3CCCA6281F49DF0800C876B7 /* UIKit.framework in Frameworks */,
				3CCCA6271F49DF0000C876B7 /* OpenGLES.framework in Frameworks */,
				3CCCA6261F49DEF600C876B7 /* GLKit.framework in Frameworks */,
				3CCCA6251F49DE3500C876B7 /* AMapSearchKit.framework in Frameworks */,
				3CCCA6201F49D70700C876B7 /* libstdc++.6.0.9.tbd in Frameworks */,
				3CCCA61F1F49D6FA00C876B7 /* libc++.tbd in Frameworks */,
				3CCCA61E1F49D6EF00C876B7 /* libz.tbd in Frameworks */,
				3CCCA61D1F49D6E800C876B7 /* SystemConfiguration.framework in Frameworks */,
				3CCCA61C1F49D6DA00C876B7 /* CoreTelephony.framework in Frameworks */,
				3CCCA61B1F49D6CC00C876B7 /* Foundation.framework in Frameworks */,
				3CD546601F49A4A600E3B52B /* Security.framework in Frameworks */,
				3CD5465F1F49A49D00E3B52B /* AdSupport.framework in Frameworks */,
				3CD5465B1F499C6D00E3B52B /* MAMapKit.framework in Frameworks */,
				84DBA810B2E102E1A0A64C1E /* Pods_whatAir.framework in Frameworks */,
			);
			runOnlyForDeploymentPostprocessing = 0;
		};
/* End PBXFrameworksBuildPhase section */

/* Begin PBXGroup section */
		2C836D75BB6779E239C57688 /* Pods */ = {
			isa = PBXGroup;
			children = (
				EE0241B18A6D0FBB17C177FE /* Pods-whatAir.debug.xcconfig */,
				680223402B468F9A8AB24C84 /* Pods-whatAir.release.xcconfig */,
			);
			name = Pods;
			sourceTree = "<group>";
		};
		3C26C7981F2DD4C500234EFD = {
			isa = PBXGroup;
			children = (
				3CCCA6211F49D7C100C876B7 /* AMap-Bridging-Header.h */,
				3CCCA6191F49D6A300C876B7 /* AMap.bundle */,
				3C26C7A31F2DD4C500234EFD /* whatAir */,
				3C26C7A21F2DD4C500234EFD /* Products */,
				3CD5462B1F49946400E3B52B /* Frameworks */,
				2C836D75BB6779E239C57688 /* Pods */,
			);
			sourceTree = "<group>";
		};
		3C26C7A21F2DD4C500234EFD /* Products */ = {
			isa = PBXGroup;
			children = (
				3C26C7A11F2DD4C500234EFD /* whatAir.app */,
			);
			name = Products;
			sourceTree = "<group>";
		};
		3C26C7A31F2DD4C500234EFD /* whatAir */ = {
			isa = PBXGroup;
			children = (
				3C26C7B31F2DD4C500234EFD /* Info.plist */,
				3CCCA6221F49D87A00C876B7 /* AMap.swift */,
				3C26C7A41F2DD4C500234EFD /* AppDelegate.swift */,
				3C0DEDCB1F2DDAA0009C0B58 /* CameraUI.swift */,
				3C4F536E1F51470300931E08 /* ConsANDFunc.swift */,
				3C0DEDCD1F2DDAB1009C0B58 /* MapUI.swift */,
				3C26C7A61F2DD4C500234EFD /* ViewController.swift */,
				3C26C7AE1F2DD4C500234EFD /* Assets.xcassets */,
				3C26C7B01F2DD4C500234EFD /* LaunchScreen.storyboard */,
				3C26C7A81F2DD4C500234EFD /* Main.storyboard */,
				3CB6AAB61F571E8C000091D8 /* whatAir.xcdatamodeld */,
			);
			path = whatAir;
			sourceTree = "<group>";
		};
		3CD5462B1F49946400E3B52B /* Frameworks */ = {
			isa = PBXGroup;
			children = (
				3CFF79671F68428A00D7754D /* AMapLocationKit.framework */,
				3CFF79641F6841CC00D7754D /* AMapLocationKit.framework */,
				3CD5465A1F499C6D00E3B52B /* MAMapKit.framework */,
				3CD546581F499C5D00E3B52B /* AMapSearchKit.framework */,
				3CD546561F499C4D00E3B52B /* AMapFoundationKit.framework */,
				3CD546501F4995EF00E3B52B /* libc++.tbd */,
				3CD5464E1F4995E000E3B52B /* libstdc++.6.0.9.tbd */,
				3CD5464C1F4995D100E3B52B /* libz.tbd */,
				3CD5464A1F4995C500E3B52B /* JavaScriptCore.framework */,
				3CD546481F4995BA00E3B52B /* AdSupport.framework */,
				3CD546461F4995AE00E3B52B /* Security.framework */,
				3CD546441F4995A300E3B52B /* SystemConfiguration.framework */,
				3CD546421F49959A00E3B52B /* CoreTelephony.framework */,
				3CD546401F49958E00E3B52B /* CoreLocation.framework */,
				3CD5463E1F49958400E3B52B /* QuartzCore.framework */,
				3CD5463C1F49957600E3B52B /* CoreGraphics.framework */,
				3CD5463A1F49956B00E3B52B /* Foundation.framework */,
				3CD546381F49956100E3B52B /* UIKit.framework */,
				3CD546361F49955700E3B52B /* OpenGLES.framework */,
				3CD546341F49954400E3B52B /* GLKit.framework */,
				3CD546301F4994B800E3B52B /* AMapSearchKit.framework */,
				3CD5462E1F49948C00E3B52B /* AMapFoundationKit.framework */,
				3CD5462C1F49946500E3B52B /* MAMapKit.framework */,
				46C4ACAFF862BE6E1F74CE1C /* Pods_whatAir.framework */,
			);
			name = Frameworks;
			sourceTree = "<group>";
		};
/* End PBXGroup section */

/* Begin PBXNativeTarget section */
		3C26C7A01F2DD4C500234EFD /* whatAir */ = {
			isa = PBXNativeTarget;
			buildConfigurationList = 3C26C7B61F2DD4C500234EFD /* Build configuration list for PBXNativeTarget "whatAir" */;
			buildPhases = (
				C0F8F06CE1A2F9B0624275AF /* [CP] Check Pods Manifest.lock */,
				3C26C79D1F2DD4C500234EFD /* Sources */,
				3C26C79E1F2DD4C500234EFD /* Frameworks */,
				3C26C79F1F2DD4C500234EFD /* Resources */,
				062FF80FC280ED88752B4C61 /* [CP] Embed Pods Frameworks */,
				7E2471506A03B4ACE2162F30 /* [CP] Copy Pods Resources */,
			);
			buildRules = (
			);
			dependencies = (
			);
			name = whatAir;
			productName = whatAir;
			productReference = 3C26C7A11F2DD4C500234EFD /* whatAir.app */;
			productType = "com.apple.product-type.application";
		};
/* End PBXNativeTarget section */

/* Begin PBXProject section */
		3C26C7991F2DD4C500234EFD /* Project object */ = {
			isa = PBXProject;
			attributes = {
				LastSwiftUpdateCheck = 0830;
				LastUpgradeCheck = 0830;
				ORGANIZATIONNAME = "孙港";
				TargetAttributes = {
					3C26C7A01F2DD4C500234EFD = {
						CreatedOnToolsVersion = 8.3.3;
						DevelopmentTeam = 4GA6Q39Y7H;
						LastSwiftMigration = 0830;
						ProvisioningStyle = Automatic;
					};
				};
			};
			buildConfigurationList = 3C26C79C1F2DD4C500234EFD /* Build configuration list for PBXProject "whatAir" */;
			compatibilityVersion = "Xcode 3.2";
			developmentRegion = English;
			hasScannedForEncodings = 0;
			knownRegions = (
				en,
				Base,
			);
			mainGroup = 3C26C7981F2DD4C500234EFD;
			productRefGroup = 3C26C7A21F2DD4C500234EFD /* Products */;
			projectDirPath = "";
			projectRoot = "";
			targets = (
				3C26C7A01F2DD4C500234EFD /* whatAir */,
			);
		};
/* End PBXProject section */

/* Begin PBXResourcesBuildPhase section */
		3C26C79F1F2DD4C500234EFD /* Resources */ = {
			isa = PBXResourcesBuildPhase;
			buildActionMask = 2147483647;
			files = (
				3C26C7B21F2DD4C500234EFD /* LaunchScreen.storyboard in Resources */,
				3C26C7AF1F2DD4C500234EFD /* Assets.xcassets in Resources */,
				3CCCA61A1F49D6A300C876B7 /* AMap.bundle in Resources */,
				3C26C7AA1F2DD4C500234EFD /* Main.storyboard in Resources */,
			);
			runOnlyForDeploymentPostprocessing = 0;
		};
/* End PBXResourcesBuildPhase section */

/* Begin PBXShellScriptBuildPhase section */
		062FF80FC280ED88752B4C61 /* [CP] Embed Pods Frameworks */ = {
			isa = PBXShellScriptBuildPhase;
			buildActionMask = 2147483647;
			files = (
			);
			inputPaths = (
				"${SRCROOT}/Pods/Target Support Files/Pods-whatAir/Pods-whatAir-frameworks.sh",
				"${BUILT_PRODUCTS_DIR}/Alamofire/Alamofire.framework",
				"${BUILT_PRODUCTS_DIR}/SwiftSocket/SwiftSocket.framework",
			);
			name = "[CP] Embed Pods Frameworks";
			outputPaths = (
				"${TARGET_BUILD_DIR}/${FRAMEWORKS_FOLDER_PATH}/Alamofire.framework",
				"${TARGET_BUILD_DIR}/${FRAMEWORKS_FOLDER_PATH}/SwiftSocket.framework",
			);
			runOnlyForDeploymentPostprocessing = 0;
			shellPath = /bin/sh;
			shellScript = "\"${SRCROOT}/Pods/Target Support Files/Pods-whatAir/Pods-whatAir-frameworks.sh\"\n";
			showEnvVarsInLog = 0;
		};
		7E2471506A03B4ACE2162F30 /* [CP] Copy Pods Resources */ = {
			isa = PBXShellScriptBuildPhase;
			buildActionMask = 2147483647;
			files = (
			);
			inputPaths = (
			);
			name = "[CP] Copy Pods Resources";
			outputPaths = (
			);
			runOnlyForDeploymentPostprocessing = 0;
			shellPath = /bin/sh;
			shellScript = "\"${SRCROOT}/Pods/Target Support Files/Pods-whatAir/Pods-whatAir-resources.sh\"\n";
			showEnvVarsInLog = 0;
		};
		C0F8F06CE1A2F9B0624275AF /* [CP] Check Pods Manifest.lock */ = {
			isa = PBXShellScriptBuildPhase;
			buildActionMask = 2147483647;
			files = (
			);
			inputPaths = (
				"${PODS_PODFILE_DIR_PATH}/Podfile.lock",
				"${PODS_ROOT}/Manifest.lock",
			);
			name = "[CP] Check Pods Manifest.lock";
			outputPaths = (
				"$(DERIVED_FILE_DIR)/Pods-whatAir-checkManifestLockResult.txt",
			);
			runOnlyForDeploymentPostprocessing = 0;
			shellPath = /bin/sh;
			shellScript = "diff \"${PODS_PODFILE_DIR_PATH}/Podfile.lock\" \"${PODS_ROOT}/Manifest.lock\" > /dev/null\nif [ $? != 0 ] ; then\n    # print error to STDERR\n    echo \"error: The sandbox is not in sync with the Podfile.lock. Run 'pod install' or update your CocoaPods installation.\" >&2\n    exit 1\nfi\n# This output is used by Xcode 'outputs' to avoid re-running this script phase.\necho \"SUCCESS\" > \"${SCRIPT_OUTPUT_FILE_0}\"\n";
			showEnvVarsInLog = 0;
		};
/* End PBXShellScriptBuildPhase section */

/* Begin PBXSourcesBuildPhase section */
		3C26C79D1F2DD4C500234EFD /* Sources */ = {
			isa = PBXSourcesBuildPhase;
			buildActionMask = 2147483647;
			files = (
				3C0DEDCC1F2DDAA0009C0B58 /* CameraUI.swift in Sources */,
				3C0DEDCE1F2DDAB1009C0B58 /* MapUI.swift in Sources */,
				3C26C7A71F2DD4C500234EFD /* ViewController.swift in Sources */,
				3CCCA6231F49D87A00C876B7 /* AMap.swift in Sources */,
				3CB6AAB81F571E8C000091D8 /* whatAir.xcdatamodeld in Sources */,
				3C4F536F1F51470300931E08 /* ConsANDFunc.swift in Sources */,
				3C26C7A51F2DD4C500234EFD /* AppDelegate.swift in Sources */,
			);
			runOnlyForDeploymentPostprocessing = 0;
		};
/* End PBXSourcesBuildPhase section */

/* Begin PBXVariantGroup section */
		3C26C7A81F2DD4C500234EFD /* Main.storyboard */ = {
			isa = PBXVariantGroup;
			children = (
				3C26C7A91F2DD4C500234EFD /* Base */,
			);
			name = Main.storyboard;
			sourceTree = "<group>";
		};
		3C26C7B01F2DD4C500234EFD /* LaunchScreen.storyboard */ = {
			isa = PBXVariantGroup;
			children = (
				3C26C7B11F2DD4C500234EFD /* Base */,
			);
			name = LaunchScreen.storyboard;
			sourceTree = "<group>";
		};
/* End PBXVariantGroup section */

/* Begin XCBuildConfiguration section */
		3C26C7B41F2DD4C500234EFD /* Debug */ = {
			isa = XCBuildConfiguration;
			buildSettings = {
				ALWAYS_SEARCH_USER_PATHS = NO;
				CLANG_ANALYZER_NONNULL = YES;
				CLANG_ANALYZER_NUMBER_OBJECT_CONVERSION = YES_AGGRESSIVE;
				CLANG_CXX_LANGUAGE_STANDARD = "gnu++0x";
				CLANG_CXX_LIBRARY = "libc++";
				CLANG_ENABLE_MODULES = YES;
				CLANG_ENABLE_OBJC_ARC = YES;
				CLANG_WARN_BOOL_CONVERSION = YES;
				CLANG_WARN_CONSTANT_CONVERSION = YES;
				CLANG_WARN_DIRECT_OBJC_ISA_USAGE = YES_ERROR;
				CLANG_WARN_DOCUMENTATION_COMMENTS = YES;
				CLANG_WARN_EMPTY_BODY = YES;
				CLANG_WARN_ENUM_CONVERSION = YES;
				CLANG_WARN_INFINITE_RECURSION = YES;
				CLANG_WARN_INT_CONVERSION = YES;
				CLANG_WARN_OBJC_ROOT_CLASS = YES_ERROR;
				CLANG_WARN_SUSPICIOUS_MOVE = YES;
				CLANG_WARN_UNREACHABLE_CODE = YES;
				CLANG_WARN__DUPLICATE_METHOD_MATCH = YES;
				"CODE_SIGN_IDENTITY[sdk=iphoneos*]" = "iPhone Developer";
				COPY_PHASE_STRIP = NO;
				DEBUG_INFORMATION_FORMAT = dwarf;
				ENABLE_STRICT_OBJC_MSGSEND = YES;
				ENABLE_TESTABILITY = YES;
				GCC_C_LANGUAGE_STANDARD = gnu99;
				GCC_DYNAMIC_NO_PIC = NO;
				GCC_NO_COMMON_BLOCKS = YES;
				GCC_OPTIMIZATION_LEVEL = 0;
				GCC_PREPROCESSOR_DEFINITIONS = (
					"DEBUG=1",
					"$(inherited)",
				);
				GCC_WARN_64_TO_32_BIT_CONVERSION = YES;
				GCC_WARN_ABOUT_RETURN_TYPE = YES_ERROR;
				GCC_WARN_UNDECLARED_SELECTOR = YES;
				GCC_WARN_UNINITIALIZED_AUTOS = YES_AGGRESSIVE;
				GCC_WARN_UNUSED_FUNCTION = YES;
				GCC_WARN_UNUSED_VARIABLE = YES;
				IPHONEOS_DEPLOYMENT_TARGET = 10.3;
				MTL_ENABLE_DEBUG_INFO = YES;
				ONLY_ACTIVE_ARCH = YES;
				SDKROOT = iphoneos;
				SWIFT_ACTIVE_COMPILATION_CONDITIONS = DEBUG;
				SWIFT_OPTIMIZATION_LEVEL = "-Onone";
			};
			name = Debug;
		};
		3C26C7B51F2DD4C500234EFD /* Release */ = {
			isa = XCBuildConfiguration;
			buildSettings = {
				ALWAYS_SEARCH_USER_PATHS = NO;
				CLANG_ANALYZER_NONNULL = YES;
				CLANG_ANALYZER_NUMBER_OBJECT_CONVERSION = YES_AGGRESSIVE;
				CLANG_CXX_LANGUAGE_STANDARD = "gnu++0x";
				CLANG_CXX_LIBRARY = "libc++";
				CLANG_ENABLE_MODULES = YES;
				CLANG_ENABLE_OBJC_ARC = YES;
				CLANG_WARN_BOOL_CONVERSION = YES;
				CLANG_WARN_CONSTANT_CONVERSION = YES;
				CLANG_WARN_DIRECT_OBJC_ISA_USAGE = YES_ERROR;
				CLANG_WARN_DOCUMENTATION_COMMENTS = YES;
				CLANG_WARN_EMPTY_BODY = YES;
				CLANG_WARN_ENUM_CONVERSION = YES;
				CLANG_WARN_INFINITE_RECURSION = YES;
				CLANG_WARN_INT_CONVERSION = YES;
				CLANG_WARN_OBJC_ROOT_CLASS = YES_ERROR;
				CLANG_WARN_SUSPICIOUS_MOVE = YES;
				CLANG_WARN_UNREACHABLE_CODE = YES;
				CLANG_WARN__DUPLICATE_METHOD_MATCH = YES;
				"CODE_SIGN_IDENTITY[sdk=iphoneos*]" = "iPhone Developer";
				COPY_PHASE_STRIP = NO;
				DEBUG_INFORMATION_FORMAT = "dwarf-with-dsym";
				ENABLE_NS_ASSERTIONS = NO;
				ENABLE_STRICT_OBJC_MSGSEND = YES;
				GCC_C_LANGUAGE_STANDARD = gnu99;
				GCC_NO_COMMON_BLOCKS = YES;
				GCC_WARN_64_TO_32_BIT_CONVERSION = YES;
				GCC_WARN_ABOUT_RETURN_TYPE = YES_ERROR;
				GCC_WARN_UNDECLARED_SELECTOR = YES;
				GCC_WARN_UNINITIALIZED_AUTOS = YES_AGGRESSIVE;
				GCC_WARN_UNUSED_FUNCTION = YES;
				GCC_WARN_UNUSED_VARIABLE = YES;
				IPHONEOS_DEPLOYMENT_TARGET = 10.3;
				MTL_ENABLE_DEBUG_INFO = NO;
				SDKROOT = iphoneos;
				SWIFT_OPTIMIZATION_LEVEL = "-Owholemodule";
				VALIDATE_PRODUCT = YES;
			};
			name = Release;
		};
		3C26C7B71F2DD4C500234EFD /* Debug */ = {
			isa = XCBuildConfiguration;
			baseConfigurationReference = EE0241B18A6D0FBB17C177FE /* Pods-whatAir.debug.xcconfig */;
			buildSettings = {
				ASSETCATALOG_COMPILER_APPICON_NAME = AppIcon;
				CLANG_ENABLE_MODULES = YES;
				DEVELOPMENT_TEAM = 4GA6Q39Y7H;
				FRAMEWORK_SEARCH_PATHS = (
					"$(inherited)",
					"$(PROJECT_DIR)",
					"$(PROJECT_DIR)/whatAir",
				);
				INFOPLIST_FILE = whatAir/Info.plist;
				IPHONEOS_DEPLOYMENT_TARGET = 10.3;
				LD_RUNPATH_SEARCH_PATHS = "$(inherited) @executable_path/Frameworks";
				OTHER_LDFLAGS = (
					"$(inherited)",
					"-framework",
					"\"Alamofire\"",
					"-framework",
					"\"SwiftSocket\"",
					"-L/usr/local/mysql/lib",
					"-lmysqlclient",
				);
				PRODUCT_BUNDLE_IDENTIFIER = sungang.whatAir;
				PRODUCT_NAME = "$(TARGET_NAME)";
				SWIFT_OBJC_BRIDGING_HEADER = "AMap-Bridging-Header.h";
				SWIFT_OPTIMIZATION_LEVEL = "-Onone";
				SWIFT_VERSION = 3.0;
				USER_HEADER_SEARCH_PATHS = "$(PODS_ROOT)/** /usr/local/mysql/include";
			};
			name = Debug;
		};
		3C26C7B81F2DD4C500234EFD /* Release */ = {
			isa = XCBuildConfiguration;
			baseConfigurationReference = 680223402B468F9A8AB24C84 /* Pods-whatAir.release.xcconfig */;
			buildSettings = {
				ASSETCATALOG_COMPILER_APPICON_NAME = AppIcon;
				CLANG_ENABLE_MODULES = YES;
				DEVELOPMENT_TEAM = 4GA6Q39Y7H;
				FRAMEWORK_SEARCH_PATHS = (
					"$(inherited)",
					"$(PROJECT_DIR)",
					"$(PROJECT_DIR)/whatAir",
				);
				INFOPLIST_FILE = whatAir/Info.plist;
				IPHONEOS_DEPLOYMENT_TARGET = 10.3;
				LD_RUNPATH_SEARCH_PATHS = "$(inherited) @executable_path/Frameworks";
				OTHER_LDFLAGS = (
					"$(inherited)",
					"-framework",
					"\"Alamofire\"",
					"-framework",
					"\"SwiftSocket\"",
					"-L/usr/local/mysql/lib",
					"-lmysqlclient",
				);
				PRODUCT_BUNDLE_IDENTIFIER = sungang.whatAir;
				PRODUCT_NAME = "$(TARGET_NAME)";
				SWIFT_OBJC_BRIDGING_HEADER = "AMap-Bridging-Header.h";
				SWIFT_VERSION = 3.0;
				USER_HEADER_SEARCH_PATHS = "$(PODS_ROOT)/** /usr/local/mysql/include";
			};
			name = Release;
		};
/* End XCBuildConfiguration section */

/* Begin XCConfigurationList section */
		3C26C79C1F2DD4C500234EFD /* Build configuration list for PBXProject "whatAir" */ = {
			isa = XCConfigurationList;
			buildConfigurations = (
				3C26C7B41F2DD4C500234EFD /* Debug */,
				3C26C7B51F2DD4C500234EFD /* Release */,
			);
			defaultConfigurationIsVisible = 0;
			defaultConfigurationName = Release;
		};
		3C26C7B61F2DD4C500234EFD /* Build configuration list for PBXNativeTarget "whatAir" */ = {
			isa = XCConfigurationList;
			buildConfigurations = (
				3C26C7B71F2DD4C500234EFD /* Debug */,
				3C26C7B81F2DD4C500234EFD /* Release */,
			);
			defaultConfigurationIsVisible = 0;
			defaultConfigurationName = Release;
		};
/* End XCConfigurationList section */

/* Begin XCVersionGroup section */
		3CB6AAB61F571E8C000091D8 /* whatAir.xcdatamodeld */ = {
			isa = XCVersionGroup;
			children = (
				3CB6AAB71F571E8C000091D8 /* whatAir.xcdatamodel */,
			);
			currentVersion = 3CB6AAB71F571E8C000091D8 /* whatAir.xcdatamodel */;
			path = whatAir.xcdatamodeld;
			sourceTree = "<group>";
			versionGroupType = wrapper.xcdatamodel;
		};
/* End XCVersionGroup section */
	};
	rootObject = 3C26C7991F2DD4C500234EFD /* Project object */;
}
